
Microsoft Visual Studio Solution File, Format Version 12.00
# Visual Studio Version 17
VisualStudioVersion = 17.6.33815.320
MinimumVisualStudioVersion = 10.0.40219.1
Project("{FAE04EC0-301F-11D3-BF4B-00C04F79EFBC}") = "Employee Management", "Employee Management.csproj", "{5A126ABA-B728-49D7-B471-C19B2E3A4592}"
EndProject
Global
	GlobalSection(SolutionConfigurationPlatforms) = preSolution
		Debug|Any CPU = Debug|Any CPU
		Release|Any CPU = Release|Any CPU
	EndGlobalSection
	GlobalSection(ProjectConfigurationPlatforms) = postSolution
		{5A126ABA-B728-49D7-B471-C19B2E3A4592}.Debug|Any CPU.ActiveCfg = Debug|Any CPU
		{5A126ABA-B728-49D7-B471-C19B2E3A4592}.Debug|Any CPU.Build.0 = Debug|Any CPU
		{5A126ABA-B728-49D7-B471-C19B2E3A4592}.Release|Any CPU.ActiveCfg = Release|Any CPU
		{5A126ABA-B728-49D7-B471-C19B2E3A4592}.Release|Any CPU.Build.0 = Release|Any CPU
	EndGlobalSection
	GlobalSection(SolutionProperties) = preSolution
		HideSolutionNode = FALSE
	EndGlobalSection
	GlobalSection(ExtensibilityGlobals) = postSolution
		SolutionGuid = {9DB3EC1E-4C5B-4479-A747-B258D3C83BD3}
	EndGlobalSection
EndGlobal
